// !$*UTF8*$!
{
	archiveVersion = 1;
	classes = {
	};
	objectVersion = 55;
	objects = {

/* Begin PBXBuildFile section */
		3115233928DEDF4300A1C639 /* GoalListViewModel.swift in Sources */ = {isa = PBXBuildFile; fileRef = 3115233828DEDF4300A1C639 /* GoalListViewModel.swift */; };
		3115233B28DEE0CD00A1C639 /* AddGoalViewModel.swift in Sources */ = {isa = PBXBuildFile; fileRef = 3115233A28DEE0CD00A1C639 /* AddGoalViewModel.swift */; };
		3140A4AC28DF1BAA00A78232 /* GoalDetailViewModel.swift in Sources */ = {isa = PBXBuildFile; fileRef = 3140A4AB28DF1BAA00A78232 /* GoalDetailViewModel.swift */; };
		3140A4AE28DF1F0400A78232 /* GoalView.swift in Sources */ = {isa = PBXBuildFile; fileRef = 3140A4AD28DF1F0400A78232 /* GoalView.swift */; };
		3140A4B028DF227000A78232 /* AddNewGoalView.swift in Sources */ = {isa = PBXBuildFile; fileRef = 3140A4AF28DF227000A78232 /* AddNewGoalView.swift */; };
		3140A4B228DF290500A78232 /* GoalDetailView.swift in Sources */ = {isa = PBXBuildFile; fileRef = 3140A4B128DF290500A78232 /* GoalDetailView.swift */; };
		31CE3F2128DC9185000BE539 /* ScopoApp.swift in Sources */ = {isa = PBXBuildFile; fileRef = 31CE3F2028DC9185000BE539 /* ScopoApp.swift */; };
		31CE3F2328DC9185000BE539 /* ContentView.swift in Sources */ = {isa = PBXBuildFile; fileRef = 31CE3F2228DC9185000BE539 /* ContentView.swift */; };
		31CE3F2528DC9186000BE539 /* Assets.xcassets in Resources */ = {isa = PBXBuildFile; fileRef = 31CE3F2428DC9186000BE539 /* Assets.xcassets */; };
		31CE3F2828DC9186000BE539 /* Preview Assets.xcassets in Resources */ = {isa = PBXBuildFile; fileRef = 31CE3F2728DC9186000BE539 /* Preview Assets.xcassets */; };
		31CE3F3028DC9310000BE539 /* FirebaseFirestoreSwift in Frameworks */ = {isa = PBXBuildFile; productRef = 31CE3F2F28DC9310000BE539 /* FirebaseFirestoreSwift */; };
		31CE3F3228DC93AC000BE539 /* GoogleService-Info.plist in Resources */ = {isa = PBXBuildFile; fileRef = 31CE3F3128DC93AC000BE539 /* GoogleService-Info.plist */; };
		31CE3F3828DC947E000BE539 /* Goal.swift in Sources */ = {isa = PBXBuildFile; fileRef = 31CE3F3728DC947E000BE539 /* Goal.swift */; };
		31CE3F3B28DC9965000BE539 /* GoalFirebaseManager.swift in Sources */ = {isa = PBXBuildFile; fileRef = 31CE3F3A28DC9965000BE539 /* GoalFirebaseManager.swift */; };
		31CE3F3E28DCA727000BE539 /* Color+Extensions.swift in Sources */ = {isa = PBXBuildFile; fileRef = 31CE3F3D28DCA727000BE539 /* Color+Extensions.swift */; };
		31CE3F4028DCA91F000BE539 /* Date+Extensions.swift in Sources */ = {isa = PBXBuildFile; fileRef = 31CE3F3F28DCA91F000BE539 /* Date+Extensions.swift */; };
		31CE3F4428DE4C3F000BE539 /* EmojiTextField.swift in Sources */ = {isa = PBXBuildFile; fileRef = 31CE3F4328DE4C3F000BE539 /* EmojiTextField.swift */; };
		31CE3F4628DE4E8C000BE539 /* Theme.swift in Sources */ = {isa = PBXBuildFile; fileRef = 31CE3F4528DE4E8C000BE539 /* Theme.swift */; };
		31CE3F4828DE5411000BE539 /* Animation+Extensions.swift in Sources */ = {isa = PBXBuildFile; fileRef = 31CE3F4728DE5411000BE539 /* Animation+Extensions.swift */; };
/* End PBXBuildFile section */

/* Begin PBXFileReference section */
		3115233828DEDF4300A1C639 /* GoalListViewModel.swift */ = {isa = PBXFileReference; lastKnownFileType = sourcecode.swift; path = GoalListViewModel.swift; sourceTree = "<group>"; };
		3115233A28DEE0CD00A1C639 /* AddGoalViewModel.swift */ = {isa = PBXFileReference; lastKnownFileType = sourcecode.swift; path = AddGoalViewModel.swift; sourceTree = "<group>"; };
		3140A4AB28DF1BAA00A78232 /* GoalDetailViewModel.swift */ = {isa = PBXFileReference; lastKnownFileType = sourcecode.swift; path = GoalDetailViewModel.swift; sourceTree = "<group>"; };
		3140A4AD28DF1F0400A78232 /* GoalView.swift */ = {isa = PBXFileReference; lastKnownFileType = sourcecode.swift; path = GoalView.swift; sourceTree = "<group>"; };
		3140A4AF28DF227000A78232 /* AddNewGoalView.swift */ = {isa = PBXFileReference; lastKnownFileType = sourcecode.swift; path = AddNewGoalView.swift; sourceTree = "<group>"; };
		3140A4B128DF290500A78232 /* GoalDetailView.swift */ = {isa = PBXFileReference; lastKnownFileType = sourcecode.swift; path = GoalDetailView.swift; sourceTree = "<group>"; };
		31CE3F1D28DC9185000BE539 /* Scopo.app */ = {isa = PBXFileReference; explicitFileType = wrapper.application; includeInIndex = 0; path = Scopo.app; sourceTree = BUILT_PRODUCTS_DIR; };
		31CE3F2028DC9185000BE539 /* ScopoApp.swift */ = {isa = PBXFileReference; lastKnownFileType = sourcecode.swift; path = ScopoApp.swift; sourceTree = "<group>"; };
		31CE3F2228DC9185000BE539 /* ContentView.swift */ = {isa = PBXFileReference; lastKnownFileType = sourcecode.swift; path = ContentView.swift; sourceTree = "<group>"; };
		31CE3F2428DC9186000BE539 /* Assets.xcassets */ = {isa = PBXFileReference; lastKnownFileType = folder.assetcatalog; path = Assets.xcassets; sourceTree = "<group>"; };
		31CE3F2728DC9186000BE539 /* Preview Assets.xcassets */ = {isa = PBXFileReference; lastKnownFileType = folder.assetcatalog; path = "Preview Assets.xcassets"; sourceTree = "<group>"; };
		31CE3F3128DC93AC000BE539 /* GoogleService-Info.plist */ = {isa = PBXFileReference; fileEncoding = 4; lastKnownFileType = text.plist.xml; path = "GoogleService-Info.plist"; sourceTree = "<group>"; };
		31CE3F3728DC947E000BE539 /* Goal.swift */ = {isa = PBXFileReference; lastKnownFileType = sourcecode.swift; path = Goal.swift; sourceTree = "<group>"; };
		31CE3F3A28DC9965000BE539 /* GoalFirebaseManager.swift */ = {isa = PBXFileReference; lastKnownFileType = sourcecode.swift; path = GoalFirebaseManager.swift; sourceTree = "<group>"; };
		31CE3F3D28DCA727000BE539 /* Color+Extensions.swift */ = {isa = PBXFileReference; lastKnownFileType = sourcecode.swift; path = "Color+Extensions.swift"; sourceTree = "<group>"; };
		31CE3F3F28DCA91F000BE539 /* Date+Extensions.swift */ = {isa = PBXFileReference; lastKnownFileType = sourcecode.swift; path = "Date+Extensions.swift"; sourceTree = "<group>"; };
		31CE3F4328DE4C3F000BE539 /* EmojiTextField.swift */ = {isa = PBXFileReference; lastKnownFileType = sourcecode.swift; path = EmojiTextField.swift; sourceTree = "<group>"; };
		31CE3F4528DE4E8C000BE539 /* Theme.swift */ = {isa = PBXFileReference; lastKnownFileType = sourcecode.swift; path = Theme.swift; sourceTree = "<group>"; };
		31CE3F4728DE5411000BE539 /* Animation+Extensions.swift */ = {isa = PBXFileReference; lastKnownFileType = sourcecode.swift; path = "Animation+Extensions.swift"; sourceTree = "<group>"; };
/* End PBXFileReference section */

/* Begin PBXFrameworksBuildPhase section */
		31CE3F1A28DC9185000BE539 /* Frameworks */ = {
			isa = PBXFrameworksBuildPhase;
			buildActionMask = 2147483647;
			files = (
				31CE3F3028DC9310000BE539 /* FirebaseFirestoreSwift in Frameworks */,
			);
			runOnlyForDeploymentPostprocessing = 0;
		};
/* End PBXFrameworksBuildPhase section */

/* Begin PBXGroup section */
		31CE3F1428DC9185000BE539 = {
			isa = PBXGroup;
			children = (
				31CE3F1F28DC9185000BE539 /* Scopo */,
				31CE3F1E28DC9185000BE539 /* Products */,
			);
			sourceTree = "<group>";
		};
		31CE3F1E28DC9185000BE539 /* Products */ = {
			isa = PBXGroup;
			children = (
				31CE3F1D28DC9185000BE539 /* Scopo.app */,
			);
			name = Products;
			sourceTree = "<group>";
		};
		31CE3F1F28DC9185000BE539 /* Scopo */ = {
			isa = PBXGroup;
			children = (
				31CE3F3C28DCA71B000BE539 /* Support */,
				31CE3F3928DC9946000BE539 /* Managers */,
				31CE3F3328DC9443000BE539 /* Goal */,
				31CE3F3128DC93AC000BE539 /* GoogleService-Info.plist */,
				31CE3F2028DC9185000BE539 /* ScopoApp.swift */,
				31CE3F2228DC9185000BE539 /* ContentView.swift */,
				31CE3F2428DC9186000BE539 /* Assets.xcassets */,
				31CE3F2628DC9186000BE539 /* Preview Content */,
			);
			path = Scopo;
			sourceTree = "<group>";
		};
		31CE3F2628DC9186000BE539 /* Preview Content */ = {
			isa = PBXGroup;
			children = (
				31CE3F2728DC9186000BE539 /* Preview Assets.xcassets */,
			);
			path = "Preview Content";
			sourceTree = "<group>";
		};
		31CE3F3328DC9443000BE539 /* Goal */ = {
			isa = PBXGroup;
			children = (
				31CE3F3628DC9465000BE539 /* ViewModels */,
				31CE3F3528DC945D000BE539 /* Models */,
				31CE3F3428DC944E000BE539 /* Views */,
			);
			name = Goal;
			sourceTree = "<group>";
		};
		31CE3F3428DC944E000BE539 /* Views */ = {
			isa = PBXGroup;
			children = (
				31CE3F4328DE4C3F000BE539 /* EmojiTextField.swift */,
				3140A4AD28DF1F0400A78232 /* GoalView.swift */,
				3140A4AF28DF227000A78232 /* AddNewGoalView.swift */,
				3140A4B128DF290500A78232 /* GoalDetailView.swift */,
			);
			path = Views;
			sourceTree = "<group>";
		};
		31CE3F3528DC945D000BE539 /* Models */ = {
			isa = PBXGroup;
			children = (
				31CE3F3728DC947E000BE539 /* Goal.swift */,
			);
			path = Models;
			sourceTree = "<group>";
		};
		31CE3F3628DC9465000BE539 /* ViewModels */ = {
			isa = PBXGroup;
			children = (
				3115233828DEDF4300A1C639 /* GoalListViewModel.swift */,
				3115233A28DEE0CD00A1C639 /* AddGoalViewModel.swift */,
				3140A4AB28DF1BAA00A78232 /* GoalDetailViewModel.swift */,
			);
			path = ViewModels;
			sourceTree = "<group>";
		};
		31CE3F3928DC9946000BE539 /* Managers */ = {
			isa = PBXGroup;
			children = (
				31CE3F3A28DC9965000BE539 /* GoalFirebaseManager.swift */,
			);
			path = Managers;
			sourceTree = "<group>";
		};
		31CE3F3C28DCA71B000BE539 /* Support */ = {
			isa = PBXGroup;
			children = (
				31CE3F3D28DCA727000BE539 /* Color+Extensions.swift */,
				31CE3F3F28DCA91F000BE539 /* Date+Extensions.swift */,
				31CE3F4528DE4E8C000BE539 /* Theme.swift */,
				31CE3F4728DE5411000BE539 /* Animation+Extensions.swift */,
			);
			path = Support;
			sourceTree = "<group>";
		};
/* End PBXGroup section */

/* Begin PBXNativeTarget section */
		31CE3F1C28DC9185000BE539 /* Scopo */ = {
			isa = PBXNativeTarget;
			buildConfigurationList = 31CE3F2B28DC9186000BE539 /* Build configuration list for PBXNativeTarget "Scopo" */;
			buildPhases = (
				31CE3F1928DC9185000BE539 /* Sources */,
				31CE3F1A28DC9185000BE539 /* Frameworks */,
				31CE3F1B28DC9185000BE539 /* Resources */,
			);
			buildRules = (
			);
			dependencies = (
			);
			name = Scopo;
			packageProductDependencies = (
				31CE3F2F28DC9310000BE539 /* FirebaseFirestoreSwift */,
			);
			productName = Scopo;
			productReference = 31CE3F1D28DC9185000BE539 /* Scopo.app */;
			productType = "com.apple.product-type.application";
		};
/* End PBXNativeTarget section */

/* Begin PBXProject section */
		31CE3F1528DC9185000BE539 /* Project object */ = {
			isa = PBXProject;
			attributes = {
				BuildIndependentTargetsInParallel = 1;
				LastSwiftUpdateCheck = 1340;
				LastUpgradeCheck = 1340;
				TargetAttributes = {
					31CE3F1C28DC9185000BE539 = {
						CreatedOnToolsVersion = 13.4.1;
					};
				};
			};
			buildConfigurationList = 31CE3F1828DC9185000BE539 /* Build configuration list for PBXProject "Scopo" */;
			compatibilityVersion = "Xcode 13.0";
			developmentRegion = en;
			hasScannedForEncodings = 0;
			knownRegions = (
				en,
				Base,
			);
			mainGroup = 31CE3F1428DC9185000BE539;
			packageReferences = (
				31CE3F2E28DC9310000BE539 /* XCRemoteSwiftPackageReference "firebase-ios-sdk" */,
			);
			productRefGroup = 31CE3F1E28DC9185000BE539 /* Products */;
			projectDirPath = "";
			projectRoot = "";
			targets = (
				31CE3F1C28DC9185000BE539 /* Scopo */,
			);
		};
/* End PBXProject section */

/* Begin PBXResourcesBuildPhase section */
		31CE3F1B28DC9185000BE539 /* Resources */ = {
			isa = PBXResourcesBuildPhase;
			buildActionMask = 2147483647;
			files = (
				31CE3F2828DC9186000BE539 /* Preview Assets.xcassets in Resources */,
				31CE3F2528DC9186000BE539 /* Assets.xcassets in Resources */,
				31CE3F3228DC93AC000BE539 /* GoogleService-Info.plist in Resources */,
			);
			runOnlyForDeploymentPostprocessing = 0;
		};
/* End PBXResourcesBuildPhase section */

/* Begin PBXSourcesBuildPhase section */
		31CE3F1928DC9185000BE539 /* Sources */ = {
			isa = PBXSourcesBuildPhase;
			buildActionMask = 2147483647;
			files = (
				31CE3F3E28DCA727000BE539 /* Color+Extensions.swift in Sources */,
				31CE3F4628DE4E8C000BE539 /* Theme.swift in Sources */,
				3140A4AC28DF1BAA00A78232 /* GoalDetailViewModel.swift in Sources */,
				31CE3F4428DE4C3F000BE539 /* EmojiTextField.swift in Sources */,
				3115233928DEDF4300A1C639 /* GoalListViewModel.swift in Sources */,
				31CE3F2328DC9185000BE539 /* ContentView.swift in Sources */,
				3140A4B228DF290500A78232 /* GoalDetailView.swift in Sources */,
				3115233B28DEE0CD00A1C639 /* AddGoalViewModel.swift in Sources */,
				31CE3F3828DC947E000BE539 /* Goal.swift in Sources */,
				3140A4B028DF227000A78232 /* AddNewGoalView.swift in Sources */,
				31CE3F2128DC9185000BE539 /* ScopoApp.swift in Sources */,
				31CE3F4828DE5411000BE539 /* Animation+Extensions.swift in Sources */,
				3140A4AE28DF1F0400A78232 /* GoalView.swift in Sources */,
				31CE3F3B28DC9965000BE539 /* GoalFirebaseManager.swift in Sources */,
				31CE3F4028DCA91F000BE539 /* Date+Extensions.swift in Sources */,
			);
			runOnlyForDeploymentPostprocessing = 0;
		};
/* End PBXSourcesBuildPhase section */

/* Begin XCBuildConfiguration section */
		31CE3F2928DC9186000BE539 /* Debug */ = {
			isa = XCBuildConfiguration;
			buildSettings = {
				ALWAYS_SEARCH_USER_PATHS = NO;
				CLANG_ANALYZER_NONNULL = YES;
				CLANG_ANALYZER_NUMBER_OBJECT_CONVERSION = YES_AGGRESSIVE;
				CLANG_CXX_LANGUAGE_STANDARD = "gnu++17";
				CLANG_ENABLE_MODULES = YES;
				CLANG_ENABLE_OBJC_ARC = YES;
				CLANG_ENABLE_OBJC_WEAK = YES;
				CLANG_WARN_BLOCK_CAPTURE_AUTORELEASING = YES;
				CLANG_WARN_BOOL_CONVERSION = YES;
				CLANG_WARN_COMMA = YES;
				CLANG_WARN_CONSTANT_CONVERSION = YES;
				CLANG_WARN_DEPRECATED_OBJC_IMPLEMENTATIONS = YES;
				CLANG_WARN_DIRECT_OBJC_ISA_USAGE = YES_ERROR;
				CLANG_WARN_DOCUMENTATION_COMMENTS = YES;
				CLANG_WARN_EMPTY_BODY = YES;
				CLANG_WARN_ENUM_CONVERSION = YES;
				CLANG_WARN_INFINITE_RECURSION = YES;
				CLANG_WARN_INT_CONVERSION = YES;
				CLANG_WARN_NON_LITERAL_NULL_CONVERSION = YES;
				CLANG_WARN_OBJC_IMPLICIT_RETAIN_SELF = YES;
				CLANG_WARN_OBJC_LITERAL_CONVERSION = YES;
				CLANG_WARN_OBJC_ROOT_CLASS = YES_ERROR;
				CLANG_WARN_QUOTED_INCLUDE_IN_FRAMEWORK_HEADER = YES;
				CLANG_WARN_RANGE_LOOP_ANALYSIS = YES;
				CLANG_WARN_STRICT_PROTOTYPES = YES;
				CLANG_WARN_SUSPICIOUS_MOVE = YES;
				CLANG_WARN_UNGUARDED_AVAILABILITY = YES_AGGRESSIVE;
				CLANG_WARN_UNREACHABLE_CODE = YES;
				CLANG_WARN__DUPLICATE_METHOD_MATCH = YES;
				COPY_PHASE_STRIP = NO;
				DEBUG_INFORMATION_FORMAT = dwarf;
				ENABLE_STRICT_OBJC_MSGSEND = YES;
				ENABLE_TESTABILITY = YES;
				GCC_C_LANGUAGE_STANDARD = gnu11;
				GCC_DYNAMIC_NO_PIC = NO;
				GCC_NO_COMMON_BLOCKS = YES;
				GCC_OPTIMIZATION_LEVEL = 0;
				GCC_PREPROCESSOR_DEFINITIONS = (
					"DEBUG=1",
					"$(inherited)",
				);
				GCC_WARN_64_TO_32_BIT_CONVERSION = YES;
				GCC_WARN_ABOUT_RETURN_TYPE = YES_ERROR;
				GCC_WARN_UNDECLARED_SELECTOR = YES;
				GCC_WARN_UNINITIALIZED_AUTOS = YES_AGGRESSIVE;
				GCC_WARN_UNUSED_FUNCTION = YES;
				GCC_WARN_UNUSED_VARIABLE = YES;
				IPHONEOS_DEPLOYMENT_TARGET = 15.5;
				MTL_ENABLE_DEBUG_INFO = INCLUDE_SOURCE;
				MTL_FAST_MATH = YES;
				ONLY_ACTIVE_ARCH = YES;
				SDKROOT = iphoneos;
				SWIFT_ACTIVE_COMPILATION_CONDITIONS = DEBUG;
				SWIFT_OPTIMIZATION_LEVEL = "-Onone";
			};
			name = Debug;
		};
		31CE3F2A28DC9186000BE539 /* Release */ = {
			isa = XCBuildConfiguration;
			buildSettings = {
				ALWAYS_SEARCH_USER_PATHS = NO;
				CLANG_ANALYZER_NONNULL = YES;
				CLANG_ANALYZER_NUMBER_OBJECT_CONVERSION = YES_AGGRESSIVE;
				CLANG_CXX_LANGUAGE_STANDARD = "gnu++17";
				CLANG_ENABLE_MODULES = YES;
				CLANG_ENABLE_OBJC_ARC = YES;
				CLANG_ENABLE_OBJC_WEAK = YES;
				CLANG_WARN_BLOCK_CAPTURE_AUTORELEASING = YES;
				CLANG_WARN_BOOL_CONVERSION = YES;
				CLANG_WARN_COMMA = YES;
				CLANG_WARN_CONSTANT_CONVERSION = YES;
				CLANG_WARN_DEPRECATED_OBJC_IMPLEMENTATIONS = YES;
				CLANG_WARN_DIRECT_OBJC_ISA_USAGE = YES_ERROR;
				CLANG_WARN_DOCUMENTATION_COMMENTS = YES;
				CLANG_WARN_EMPTY_BODY = YES;
				CLANG_WARN_ENUM_CONVERSION = YES;
				CLANG_WARN_INFINITE_RECURSION = YES;
				CLANG_WARN_INT_CONVERSION = YES;
				CLANG_WARN_NON_LITERAL_NULL_CONVERSION = YES;
				CLANG_WARN_OBJC_IMPLICIT_RETAIN_SELF = YES;
				CLANG_WARN_OBJC_LITERAL_CONVERSION = YES;
				CLANG_WARN_OBJC_ROOT_CLASS = YES_ERROR;
				CLANG_WARN_QUOTED_INCLUDE_IN_FRAMEWORK_HEADER = YES;
				CLANG_WARN_RANGE_LOOP_ANALYSIS = YES;
				CLANG_WARN_STRICT_PROTOTYPES = YES;
				CLANG_WARN_SUSPICIOUS_MOVE = YES;
				CLANG_WARN_UNGUARDED_AVAILABILITY = YES_AGGRESSIVE;
				CLANG_WARN_UNREACHABLE_CODE = YES;
				CLANG_WARN__DUPLICATE_METHOD_MATCH = YES;
				COPY_PHASE_STRIP = NO;
				DEBUG_INFORMATION_FORMAT = "dwarf-with-dsym";
				ENABLE_NS_ASSERTIONS = NO;
				ENABLE_STRICT_OBJC_MSGSEND = YES;
				GCC_C_LANGUAGE_STANDARD = gnu11;
				GCC_NO_COMMON_BLOCKS = YES;
				GCC_WARN_64_TO_32_BIT_CONVERSION = YES;
				GCC_WARN_ABOUT_RETURN_TYPE = YES_ERROR;
				GCC_WARN_UNDECLARED_SELECTOR = YES;
				GCC_WARN_UNINITIALIZED_AUTOS = YES_AGGRESSIVE;
				GCC_WARN_UNUSED_FUNCTION = YES;
				GCC_WARN_UNUSED_VARIABLE = YES;
				IPHONEOS_DEPLOYMENT_TARGET = 15.5;
				MTL_ENABLE_DEBUG_INFO = NO;
				MTL_FAST_MATH = YES;
				SDKROOT = iphoneos;
				SWIFT_COMPILATION_MODE = wholemodule;
				SWIFT_OPTIMIZATION_LEVEL = "-O";
				VALIDATE_PRODUCT = YES;
			};
			name = Release;
		};
		31CE3F2C28DC9186000BE539 /* Debug */ = {
			isa = XCBuildConfiguration;
			buildSettings = {
				ASSETCATALOG_COMPILER_APPICON_NAME = AppIcon;
				ASSETCATALOG_COMPILER_GLOBAL_ACCENT_COLOR_NAME = AccentColor;
				CODE_SIGN_STYLE = Automatic;
				CURRENT_PROJECT_VERSION = 1;
				DEVELOPMENT_ASSET_PATHS = "\"Scopo/Preview Content\"";
				DEVELOPMENT_TEAM = 2ZSVG66847;
				ENABLE_PREVIEWS = YES;
				GENERATE_INFOPLIST_FILE = YES;
				INFOPLIST_KEY_UIApplicationSceneManifest_Generation = YES;
				INFOPLIST_KEY_UIApplicationSupportsIndirectInputEvents = YES;
				INFOPLIST_KEY_UILaunchScreen_Generation = YES;
				INFOPLIST_KEY_UISupportedInterfaceOrientations_iPad = "UIInterfaceOrientationPortrait UIInterfaceOrientationPortraitUpsideDown UIInterfaceOrientationLandscapeLeft UIInterfaceOrientationLandscapeRight";
				INFOPLIST_KEY_UISupportedInterfaceOrientations_iPhone = "UIInterfaceOrientationPortrait UIInterfaceOrientationLandscapeLeft UIInterfaceOrientationLandscapeRight";
				LD_RUNPATH_SEARCH_PATHS = (
					"$(inherited)",
					"@executable_path/Frameworks",
				);
				MARKETING_VERSION = 1.0;
				PRODUCT_BUNDLE_IDENTIFIER = me.proft.Scopo;
				PRODUCT_NAME = "$(TARGET_NAME)";
				SWIFT_EMIT_LOC_STRINGS = YES;
				SWIFT_VERSION = 5.0;
				TARGETED_DEVICE_FAMILY = "1,2";
			};
			name = Debug;
		};
		31CE3F2D28DC9186000BE539 /* Release */ = {
			isa = XCBuildConfiguration;
			buildSettings = {
				ASSETCATALOG_COMPILER_APPICON_NAME = AppIcon;
				ASSETCATALOG_COMPILER_GLOBAL_ACCENT_COLOR_NAME = AccentColor;
				CODE_SIGN_STYLE = Automatic;
				CURRENT_PROJECT_VERSION = 1;
				DEVELOPMENT_ASSET_PATHS = "\"Scopo/Preview Content\"";
				DEVELOPMENT_TEAM = 2ZSVG66847;
				ENABLE_PREVIEWS = YES;
				GENERATE_INFOPLIST_FILE = YES;
				INFOPLIST_KEY_UIApplicationSceneManifest_Generation = YES;
				INFOPLIST_KEY_UIApplicationSupportsIndirectInputEvents = YES;
				INFOPLIST_KEY_UILaunchScreen_Generation = YES;
				INFOPLIST_KEY_UISupportedInterfaceOrientations_iPad = "UIInterfaceOrientationPortrait UIInterfaceOrientationPortraitUpsideDown UIInterfaceOrientationLandscapeLeft UIInterfaceOrientationLandscapeRight";
				INFOPLIST_KEY_UISupportedInterfaceOrientations_iPhone = "UIInterfaceOrientationPortrait UIInterfaceOrientationLandscapeLeft UIInterfaceOrientationLandscapeRight";
				LD_RUNPATH_SEARCH_PATHS = (
					"$(inherited)",
					"@executable_path/Frameworks",
				);
				MARKETING_VERSION = 1.0;
				PRODUCT_BUNDLE_IDENTIFIER = me.proft.Scopo;
				PRODUCT_NAME = "$(TARGET_NAME)";
				SWIFT_EMIT_LOC_STRINGS = YES;
				SWIFT_VERSION = 5.0;
				TARGETED_DEVICE_FAMILY = "1,2";
			};
			name = Release;
		};
/* End XCBuildConfiguration section */

/* Begin XCConfigurationList section */
		31CE3F1828DC9185000BE539 /* Build configuration list for PBXProject "Scopo" */ = {
			isa = XCConfigurationList;
			buildConfigurations = (
				31CE3F2928DC9186000BE539 /* Debug */,
				31CE3F2A28DC9186000BE539 /* Release */,
			);
			defaultConfigurationIsVisible = 0;
			defaultConfigurationName = Release;
		};
		31CE3F2B28DC9186000BE539 /* Build configuration list for PBXNativeTarget "Scopo" */ = {
			isa = XCConfigurationList;
			buildConfigurations = (
				31CE3F2C28DC9186000BE539 /* Debug */,
				31CE3F2D28DC9186000BE539 /* Release */,
			);
			defaultConfigurationIsVisible = 0;
			defaultConfigurationName = Release;
		};
/* End XCConfigurationList section */

/* Begin XCRemoteSwiftPackageReference section */
		31CE3F2E28DC9310000BE539 /* XCRemoteSwiftPackageReference "firebase-ios-sdk" */ = {
			isa = XCRemoteSwiftPackageReference;
			repositoryURL = "https://github.com/firebase/firebase-ios-sdk";
			requirement = {
				kind = upToNextMajorVersion;
				minimumVersion = 9.0.0;
			};
		};
/* End XCRemoteSwiftPackageReference section */

/* Begin XCSwiftPackageProductDependency section */
		31CE3F2F28DC9310000BE539 /* FirebaseFirestoreSwift */ = {
			isa = XCSwiftPackageProductDependency;
			package = 31CE3F2E28DC9310000BE539 /* XCRemoteSwiftPackageReference "firebase-ios-sdk" */;
			productName = FirebaseFirestoreSwift;
		};
/* End XCSwiftPackageProductDependency section */
	};
	rootObject = 31CE3F1528DC9185000BE539 /* Project object */;
}
